Microsoft Visual Studio Solution File, Format Version 12.00
# Visual Studio 2012
Project("{FAE04EC0-301F-11D3-BF4B-00C04F79EFBC}") = "Spaceship", "Spaceship.csproj", "{DAF7C2A6-E72E-4DA2-BD77-6ECD5CCAC58C}"
EndProject
Global
	GlobalSection(SolutionConfigurationPlatforms) = preSolution
	Debug|Any CPU = Debug|Any CPU
	Release|Any CPU = Release|Any CPU
	Tools|Any CPU = Tools|Any CPU
	EndGlobalSection
	GlobalSection(ProjectConfigurationPlatforms) = postSolution
		{DAF7C2A6-E72E-4DA2-BD77-6ECD5CCAC58C}.Debug|Any CPU.ActiveCfg = Debug|Any CPU
		{DAF7C2A6-E72E-4DA2-BD77-6ECD5CCAC58C}.Debug|Any CPU.Build.0 = Debug|Any CPU
		{DAF7C2A6-E72E-4DA2-BD77-6ECD5CCAC58C}.Release|Any CPU.ActiveCfg = Release|Any CPU
		{DAF7C2A6-E72E-4DA2-BD77-6ECD5CCAC58C}.Release|Any CPU.Build.0 = Release|Any CPU
		{DAF7C2A6-E72E-4DA2-BD77-6ECD5CCAC58C}.Tools|Any CPU.ActiveCfg = Tools|Any CPU
		{DAF7C2A6-E72E-4DA2-BD77-6ECD5CCAC58C}.Tools|Any CPU.Build.0 = Tools|Any CPU
	EndGlobalSection
EndGlobal
